version: 1
checksums:
  de800d16f427a2681a5bcf46beb42a3d:
    sections.headingStructure.title: d6aa7afb1671347e88f7887808989fbe
    sections.headingStructure.errors.incorrectOrder: 3b247797725b248ffaeed99f20c6c0d1
    sections.headingStructure.errors.missingH1: 2f674f75bc1784c09e829fb7af318e33
    sections.headingStructure.errors.multipleH1: 01dabd0dd03bf94ac1be1645bf1ba9d5
    sections.preview.title: 3173ee1f0f1d4e50665ca4a84c38e15d
    sections.preview.titleWithPage: 0e3251871b8f414ea6d1b9cbadc64dea
    sections.preview.viewPage: fabb5b77bb43611a045c25d6b124d3f4
    sections.preview.showFor: 24a4a32c49afe851439a6f7806b6b8ac
    sections.preview.openDebugger: 1e3d34baacfd77a5a0113b395067651d
    sections.preview.google: 6cc462fb53d90d404f48d5a6695c1de1
    sections.preview.facebook: ac8afe226a7424849c247e6a9d566f64
    sections.preview.slack: 7b7b808a136ce10b6199c504e81fb902
    fields.robots.indicator.index: 4cc8e931131077df371f8000a3f8b814
    fields.robots.indicator.any: c9782869d7f345dfb9388001e2f442e8
    fields.robots.indicator.noindex: e36c1ee9dcc0dc9e7de8e9385aaf696b
    fields.robots.label: 4f03017f694b28acb13b58b25b4a571b
    fields.robots.index.label: 7a5d337c5763e0328ae3b26eab1c9989
    fields.robots.index.help: 359814e19a577d6b465f70fd2a31be72
    fields.robots.follow.label: 8f30909b132a204c9b5494f79f33228b
    fields.robots.follow.help: 842f458d3ffd1d2d2df49d0cc1a185bc
    fields.robots.archive.label: fa813ab3074103e5daad07462af25789
    fields.robots.archive.help: 7e3a50f0f7880364cd06956fb05fd3f3
    fields.robots.imageindex.label: 4d5d66ade9d93283fc4c3765ef2140ef
    fields.robots.imageindex.help: 25e6149a368dfd54bfaa5b6fe5b9a742
    fields.robots.snippet.label: 212557d85735ea42d0a7eebd9fd4b4a8
    fields.robots.snippet.help: d0628db04b212d12b2d448a5dcc08e3c
    fields.robots.ai.label: 1dd2c225010be68a0efc20c6aa98e081
    fields.robots.ai.help: b258b7d6456cc64bbdca8884c3cf21c8
    fields.robots.imageai.label: 46f75af324a52184c8340e2fd1ced626
    fields.robots.imageai.help: 1db9382a636c6023a348ba2d9bc2110d
    tabs.seo: 409943763eadfd4953bdaf3ac25ce5a0
    site.meta.headline: d97df20cd05af70b8652a56e7fe91860
    site.meta.headline.help: 953faf8b7ad67cc6b88fc41f383617e9
    fields.metaTitleTemplate.label: c59eb2caa5e6d129c62d727a9958313f
    fields.metaTitleTemplate.help: efd84a7708779e3576753d898669423e
    fields.metaDescription.label: 9abaef743507f75ef39ca5e4be1ab1f0
    fields.metaDescription.help: 6ecf34ef28f35bbe5c0ce28da9e9c8d4
    site.og.headline: bc673f9769ba900434744f9667cb7c5a
    site.og.headline.help: e8d32acaf064e0e8af8f92045625d6ea
    fields.ogTitleTemplate.label: 19bce984086e2457f13670c717210926
    fields.ogDescription.label: 806bde45416c9342e503572649dacd00
    fields.ogSiteName.label: e92d53af716b4acab8b4da3def160d63
    fields.ogImage.label: 89ce0e1849c4488d7e735032f5a56a1c
    fields.ogImage.help: 60cf1d0a2ec0a92742dba668e31cb652
    fields.ogImage.empty: 77f08af2c150242fa416ec634b924b51
    fields.cropOgImage.label: b771decdeacdb10777d331469ae54c6c
    fields.cropOgImage.help: 9a808c642aeb6ea6f6b52e01ba6f8b6e
    fields.socialMediaAccounts.label: ea0f66cfaecb243744f30608a50b1c5d
    fields.socialMediaAccounts.help: 2f39a2564881d6e046374ba2aed8ad51
    page.meta.headline: 942cbca3a33f4242068a9330b8d299e7
    page.og.headline: 06f86c49a0027e65f69df6ed376e5bc1
    fields.titleOverwrite.label: 2d87f4b1e263236b3708406bcd5753ce
    fields.inheritSettings.label: 26e84de2f62066cfb834d3e77d341bb0
    fields.inheritSettings.help: 71fdeb668f42629128e7723906d03af5
    fields.useTitleTemplate.label: 2aed24e30be31b514541d8e5d8a29a05
    fields.useTitleTemplate.no: a6733bf32d5c367b7cede853646883c4
    fields.useTitleTemplate.yes: 2263621fa2f7dd02db1414eff341e536
    fields.useTitleTemplate.help: 1ef0290ea57fee0d9a9df1882d49360f
    writerNodes.template.title: fb9d47d10d953363f333014b1c54db7e
    writerNodes.template.siteTitle: 967324dd2b3ce4028abd66f95ba0e675
    common.default: 18ccc38b19e6d34c2bf219c4a7d9e33b
    common.yes: ec580fd11a45779b039466f1e35eed2a
    common.no: 8c708225830b06df2d1141c536f2a0d6
    sitemap.title: 2dbd9b1413f7125f4c66108606ef9132
    sitemap.index: e939a5267ece8b405795a79f671883e2
    sitemap.description: edfd0d3a531f1985ffcc6818c068e95d
    sitemap.by: 4bfd9ca52df95a588eb1829ede67aedb
    sitemap.changefreq: 5c351d5efaa8c1e7adb740002b22c1f7
    sitemap.lastUpdated: 956353f0af47fe60f0f45ec25d129a01
    sitemap.priority: 0b062687108df307445af848763e4ce5
    sitemap.url: ca97457614226960d41dd18c3c29c86b
    sitemap.noEntries: 17c4758dd5718f652fe0a2b338098300
    utmShare.button: ab625547ab428626747e57f01d8abb06
    utmShare.parameters: 0c8e406234b2fe24b5f8ce3be8bced96
    utmShare.source.label: 6e87903ef260da661b2bf6d858ba68ca
    utmShare.source.placeholder: 0cfa7930ff13b556709b22841b6da4d2
    utmShare.medium.label: 43983f2178fb28aacaef6c5f41282c4a
    utmShare.medium.placeholder: 0247554f5f5c18b4a6aa49ddb1abfa6f
    utmShare.campaign.label: ea4b22f7e1b1dad1db460e6d49cf5aff
    utmShare.campaign.placeholder: e876b1f50ef554999e3030479067f81b
    utmShare.content.label: 669b337031ef165af577f04f2b7fd54f
    utmShare.content.placeholder: 7f263cfe2976f1190afe8ec860e72e03
    utmShare.term.label: 9355986a8c38dffa741cc79d1093029c
    utmShare.term.placeholder: ad8d0e4d13a84b43f334e1a4563b48ae
    utmShare.ref.label: 50abcc6a28705c8242351511f92ad449
    utmShare.ref.placeholder: 22310337e96043e2df600f7a019cc1a5
    ai.action.generate: 7c830f2f8bad82ca29e88884df7411ca
    ai.action.regenerate: 79bc737effc16d0546c048c6aa2ec415
    ai.action.edit: f0f657e0a3ff56761a5f693e26993db6
    ai.action.customize: b3bee5d6b5868218feb53711d82a0269
    ai.action.stop: 4c4b4d44708ba05fe8726cbc80122228
    ai.error.request: ffe4cd88f70397452dfc990fa23540fd
    ai.error.disabled: 5e23f31e667425da7c1c05fefa0ba424
    ai.error.permission: 0679ad26b892c77801d1d2ca37efc501
    ai.dialog.instructions.label: 047b6298686bcec6b2161f5045893002
    ai.dialog.instructions.placeholder: 8e7eb8079b193c89f8c805509de65fe1
    ai.dialog.edit.submit: ed3da8072dbd27dc0c959777cdcbebf3
    ai.dialog.custom.label: 7220b8fec354382422615c94aae1758b
    ai.dialog.custom.placeholder: 11fe0f4f440c45daab490bdb862bca1b
    ai.dialog.custom.submit: 0345bf322c191e70d01fd6607ec5c2f8
    sections.searchConsole.title: d6b500e7373a6d178259aace89b4c2d9
    sections.searchConsole.noCredentials: 24009cd2ec18dc7ffc462396788c4649
    sections.searchConsole.notConnected: e3b2faf9c3870da0d58093cc47b68d09
    sections.searchConsole.selectProperty: d411f4839e0f7089cc32984de7e7386d
    sections.searchConsole.selectPropertyButton: a9a6cb13bfcbb80c90178e4abe6a7bc6
    sections.searchConsole.selectPropertyLabel: 03474498d4e0a8c71d35aaec87c22836
    sections.searchConsole.scDomain: 9ea7e558d336ebc2ac711f5063117c81
    sections.searchConsole.docs: 55fea190a0c0fb32acd3dc986cd3cc91
    sections.searchConsole.connect: 8778ee245078a8be4a2ce855c8c56edc
    sections.searchConsole.reconnect: 8992a0f250278c116cb26be448b68ba2
    sections.searchConsole.noData: 68f87731a84f1c1c8d9b2b67e1cfc037
    sections.searchConsole.showMore: f3dcf49ee44a8454d820ffef3f2b0e9f
    sections.searchConsole.sortBy: 8adf3dbc5668379558957662f0c43563
    sections.searchConsole.query: 95c46c00abc531875f79b152a0b59284
    sections.searchConsole.clicks: f9e154545f87d8ede27b529e5fdf2015
    sections.searchConsole.impressions: 7fe38d42d68a64d3fd8436a063751584
    sections.searchConsole.ctr: b778c9d0b299b6ac116d0d5c7b70d5f1
    sections.searchConsole.position: 8ba464c700080c55106d9e680b4b37e5
    sections.searchConsole.openInGsc: 6303f05c7acde3a17c02d66967bac419
    altText.decorative.on: 445cfff0c01787f353881a6af2189a0f
    altText.decorative.off: c92631da3094ac3b9827fe7fa280fa70
    job.generateAltText: 4d925110ac66301d755ce34b3b2f5dd3
    job.indexNow: 040e3eb47bf80e82b8cf2ca1eb43c1f5
    job.checkLinks: 6394c474ffe0091501f065a5583bba5c
    links.busy: c51e113bcc796efa23311cdfa0bd153f
    overview.title: 8ff9f5d8478b235da809747d90069681
    overview.empty: fd134dafb0322db738cb82fcd1b53c52
    overview.tabs.pages: 75088c94fb3c374efd452624d4b74be8
    overview.tabs.images: 9305827c28694866f49db42b4c51831f
    overview.tabs.links: 0735ea4c3a2d21e4c4a78c974b3e74c5
    overview.stats.title: 5d3593ee2e32303379ae885cfaecc06e
    overview.stats.description: 0a47b4056e15dfa43f95b18fc2f86aff
    overview.stats.images: 767047c34b8bf93f8b02a9c8a16be6f0
    overview.stats.title.none: 4a35e6dfaf3f5596f2654a49066f23ea
    overview.stats.description.none: 4a35e6dfaf3f5596f2654a49066f23ea
    overview.stats.images.none: 00bf32f2c24cd155f5a78a9e39a537ab
    overview.stats.links: 0735ea4c3a2d21e4c4a78c974b3e74c5
    overview.stats.links.none: ae6c04e37b13c3afca42d918448adfd0
    overview.stats.pages.ok: 84efc0ed1e582eea4beeaec68fad1858
    overview.stats.pages.notice: 63471eece679ea7d1d10af692ede2369
    overview.stats.pages.negative: dac1d2faa0ba4770685261321a362a51
    overview.stats.images.ok: 891c52c5ba793f9e06c498ad6ccda181
    overview.stats.images.notice: 6343209f24fffc56be39b191c887a084
    overview.stats.images.negative: 4ce9ddeabc28545e10af5b64d5231657
    overview.stats.links.ok: 368a9dc1e8014c54fa62d9d73da3e2e9
    overview.stats.links.notice: 9f8ad3be5100785f78e8a69200cd8f19
    overview.stats.links.negative: 2fd29cc2278fc5ad8c7e13b1ed4fdd35
    overview.stats.links.unknown: 5a850a6a17ef04736d432492c418ddaf
    overview.notTranslated: 85ecb178926078d1c9b005c41fb26e5e
    overview.columns.metaTitle: b4b89bac3a0ebe05e3ec395ce28ba218
    overview.columns.metaDescription: ff232c54a66452f0ed000bbe8232e91f
    overview.columns.ogDescription: 66171d45ffada9cfeddcc62f792b9aca
    overview.columns.ogImage: 1cc1d040d42d64cc6abeaa1323aff900
    overview.columns.robots: 43a589cd8391656022955bcab95a5a3a
    overview.columns.checks: 9b33020a507c5908d454aca07fceb1bd
    overview.columns.image: ba5781c096e45374b06c77740c632903
    overview.checks.ok: 2ac5186191411f6f7bd4bc2bd634ef10
    overview.checks.count: 3002f406be44732e5f96a2802a771c6f
    overview.checks.open: 900348cca2c49ba4030466d791bfeb81
    overview.checks.group.description: 756a504aa209ea21720831110e45ff17
    overview.checks.group.title: 845e9b102fd342f0c364bb64fb159d91
    overview.checks.filter.all: 196e6ca846096ea83ab64b543cf0c0aa
    overview.checks.filter.clear: f3a008752ab3bc925b18f94ff7e1ff66
    overview.checks.title: e15e524f8354b3b7ae0c7d52c00205e7
    overview.checks.description: 774d4a891144b8a4c656b3a8de20acf0
    overview.checks.descriptionMissing: f6d8c5e05128d25671a4877b46472175
    overview.checks.descriptionDuplicate: 183fc6d077f35e1454bd487eb4dc3952
    overview.checks.titleDuplicate: 663e99e2fed2dcec6a44c03e9bd80f74
    overview.checks.descriptionFallback: e6bfcc215a28419bf9c21dddada271cb
    overview.checks.titleLength: 40fdaee70d235dc5607692dd11013175
    overview.checks.titleLength.long: df9ec90f8b74596a63cefd3d22f4f116
    overview.checks.titleLength.short: fdbe9e97974e580b7f6b29b59ce1f975
    overview.checks.descriptionLength: ad64d6cad1049b010497677c2dc7f150
    overview.checks.descriptionLength.long: 72ab2d109a9e8d7364c95d3b02400e50
    overview.checks.descriptionLength.short: 04ef113391bc2eac72fe24eedf814f38
    overview.checks.duplicate.show: 2e1bf510e81db3a32d7f90dc2b1d9c18
    overview.checks.length.info.long: c9ab1d3082db10f2747f0e86a8011319
    overview.checks.length.info.short: 95687672c3bf9ad2ff90bc3602d9c48d
    overview.checks.skipped: 8926bb06f07ba51b454c0bf127142457
    overview.checks.skipped.draft: e8a92958ad300aacfe46c2bf6644927e
    overview.checks.skipped.untranslated: aea1b0aff8ed2fd65552058959314f33
    overview.checks.skipped.noindex: ad2b03c3473853360ef62ed848e3507d
    overview.columns.toggle: 14896556dc1535d70198854757f704ec
    overview.source.programmatic: 98e31700e622519be38417519ff412bb
    overview.source.parent: 56e9157123bce39586a60362d7261036
    overview.source.fallbackFields: f9c7c198853cb49f6f8b40b9f572aa9f
    overview.source.site: f5f95fe0657d16f1edeb08139551ab97
    overview.source.options: 61d4fd648cd0e2dfc6aeeb1b2b9f206c
    overview.sourceLabel.programmatic: d477ad57b6ffec9fb6b2676b9433ec0c
    overview.sourceLabel.parent: 396c5640c11aec1448cc2fc9ed702afc
    overview.sourceLabel.fallbackFields: ff232c54a66452f0ed000bbe8232e91f
    overview.sourceLabel.site: 9548a2ceee68dba6bd58380172fb201d
    overview.sourceLabel.options: d9c6dc5c412fe94143dfd1d332ec81d4
    overview.selection.count: e0cafa74c97b9acbc3da9345fa7d8d84
    overview.selection.all: 774a5af548a6b7b5cbfdbadd281cbacb
    overview.selection.clear: af5d720527735d4253e289400d29ec9e
    overview.options.open: 8d4b88c2314e3ba5e9531c2142457c89
    overview.options.panel: 5a395d00d64fee12ac9685003b24e372
    overview.ai.generate: 0345bf322c191e70d01fd6607ec5c2f8
    overview.ai.progress: 7fe400a56e92837bd4ad1f77391e4d92
    overview.ai.confirm: 6c732ba9a266d42304677d341d047c8a
    overview.ai.onlyEmpty: 5f71f8456dcf8ca0f7822a6e855e9931
    overview.ai.none: 105771e856c5981835d5ee33f0793cdc
    overview.ai.done: d3dbedeb4bbb64fb5ed905e9bc79da50
    overview.changes.discard.confirm.selected: 00f82b1c981847e68ba06f5498ab1eaa
    overview.changes.discard.confirm.all: 1062c9b3ef694150e9693497d02e2fdd
    overview.changes.published: 45fd314da8acde61d61a4425f526f12b
    overview.changes.discarded: ed0a2fdb5d32fd0421d4215f7b7b61ad
    overview.changes.unsaved: c2746d8771444922a659ca0316f67d5e
    overview.images.empty: 2ccd4f1843d1809611bb7cb35eac99ca
    overview.images.empty.noImages: ef52ca3b3496c3acc53e520ef18ad113
    overview.images.columns.status: 4e1fcce15854d824919b4a582c697c90
    overview.images.columns.image: b688d3c04f800cb742622a68ae26ac89
    overview.images.columns.alt: 1ed1a17eea3b0823959177a689d2e563
    overview.images.columns.decorative: 9f88b9d30a9ee695f5f4875e855d009b
    overview.images.status.missing: 4305cbedef6cf6cde0db9a7e4294d851
    overview.images.status.ai: 6c649a0de0202eceb0a5475b711dbb72
    overview.images.status.decorative: 5e2805994307fe88954c7b97eb4ece1b
    overview.images.status.ok: 3eb2236078c59f2dff598160d5e08c2f
    overview.images.tag.ai: b764382ca31f0c1570802ead170ad235
    overview.images.tag.decorative: 9f88b9d30a9ee695f5f4875e855d009b
    overview.images.filter.all: 0894b7574b713d89bd13034a85f9956c
    overview.images.filter.clear: 4b0e315911aed07c18da9da777831a91
    overview.images.filter.issues: f62a2cb9a98934924c4cac9ffcd7736c
    overview.images.filter.missing: 4305cbedef6cf6cde0db9a7e4294d851
    overview.images.filter.ai: 6343209f24fffc56be39b191c887a084
    overview.images.filter.decorative: 9f88b9d30a9ee695f5f4875e855d009b
    overview.images.mark: d6477784ea4b3269ca432d329bb20bb1
    overview.images.mark.reviewed: 7387d3303c204db754abedb340f3e641
    overview.images.mark.decorative: 9f88b9d30a9ee695f5f4875e855d009b
    overview.images.mark.described: c92631da3094ac3b9827fe7fa280fa70
    overview.images.mark.done: 4cb1d87a552e44e5d4ed2f8a69b737ba
    overview.images.mark.none: 57229f9e1b03d916814a6db500c609d2
    overview.images.options.open: b96eb0dcf1671297772c6bec81980147
    overview.images.options.reviewed: ad94a6cf7d901d59ba183fdc0e9d8e3a
    overview.images.options.decorative: 0e72b2050c7d0bfe53d9ab3fdfb92684
    overview.images.options.described: 40f70e5a7f7c02f28286f73a26ec0806
    overview.images.options.file: aeca6020b62f7d25190391e152b52e4a
    overview.images.options.parent: f87291b555d1cf992506bdba0cca6656
    overview.images.ai.confirm: 0cd268c64370d010717229f1b28ab931
    overview.images.ai.onlyEmpty: d44973fbb414bbde4ba2e0133cb67f7f
    overview.images.ai.none: 4ec25b54d33eefc80672290c76f9dda9
    overview.images.ai.unsupported: f3a7b66cdb4fe01ee6698d9de1c8c76c
    overview.links.empty: 36ec96fea5213cd71a9f10ce4ced3230
    overview.links.empty.scanning: 889f75b79125e52ce9f0fee881b0a500
    overview.links.empty.noLinks: 9a64f658b78442c70fd0d59b865ff5d3
    overview.links.columns.status: 4e1fcce15854d824919b4a582c697c90
    overview.links.columns.url: 60f0aa33e70ca6df3b6659802b16f433
    overview.links.columns.details: 2a8bbb1bc386c059783f925aca2cc522
    overview.links.columns.pages: 37efef6ca3aaf8095eab9559ea18d449
    overview.links.pages.show: 49edb8248708f3281b6addadac9b0398
    overview.links.pages.more: ef1346ca81ec06b99951964be5accc97
    overview.links.columns.location: 036cbdfe32bbe9ad67b5d06ef6a02a16
    overview.links.location.content: 669b337031ef165af577f04f2b7fd54f
    overview.links.location.layout: 8ab849bdcd801c13e7e85474299e4ee8
    overview.links.location.both: f4e0138070212589614e1f744985f0ab
    overview.links.status.broken: 99c3e8fa4aa56b0aad4e3ec7d0fad4fb
    overview.links.status.anchor: 5b25f4f013aae5fcca0ec32d882c45bb
    overview.links.status.redirect: 8b85e3afc0f3370fad1ee724ad46c72b
    overview.links.status.unknown: 5e30b415b397dc8d4e98a91ac0e3293c
    overview.links.status.ok: 7b02a11dc6cb5a7d055e2333ca2952f0
    overview.links.reason.uuid: 12836a605623badf26c314f92efd1db5
    overview.links.reason.notFound: 97612e6230bc7a1ebd99380bf561b732
    overview.links.reason.draft: 10be4793b1f0a124eb2aacc12b612fe8
    overview.links.reason.status: 2445236e8482f7298319f4f3572d9ef4
    overview.links.reason.unreachable: f78423a334041d56a83c75d39c9e1a1d
    overview.links.reason.invalid: 360cf7328489756a5da5a7e058ce14ca
    overview.links.reason.redirect: 7bbb72a771cdc373bcef6e8668e85d7e
    overview.links.reason.permalink: 5cb8eb55d800dc07264531328b8857b6
    overview.links.reason.anchor: aa6d95d1f3c978bddf90c9c9c029ba2b
    overview.links.reason.unchecked: ae6c04e37b13c3afca42d918448adfd0
    overview.links.reason.timeout: 24a0212e5690187d932a139fc208f6de
    overview.links.reason.blocked: 8e25892ce2f37eaaf8140951014a6bfd
    overview.links.reason.route: cf410f2ae5291c31a7bce4a5a2b26864
    overview.links.reason.render: 15ff819c947136fff8e8c01ce971443e
    overview.links.reason.scheme: 00b1ae474dc86e1cca19b132b74aa02d
    overview.links.reason.private: c789d327231e230772088760a3587386
    overview.links.filter.all: ce511654252eafa82c32512f0badda04
    overview.links.filter.issues: c78bb1c1502c4a3a37cbeda4b2c9c0cc
    overview.links.filter.clear: fe92ecca7972e248954434c00a3642bd
    overview.links.filter.broken: 99c3e8fa4aa56b0aad4e3ec7d0fad4fb
    overview.links.filter.anchor: 5b25f4f013aae5fcca0ec32d882c45bb
    overview.links.filter.redirect: 8b85e3afc0f3370fad1ee724ad46c72b
    overview.links.filter.unknown: 5e30b415b397dc8d4e98a91ac0e3293c
    overview.links.filter.content: 3f9a6141d46dde52d541e4f52e969db0
    overview.links.progress.pages: e63ae0a6f4aacecca45cf5b15b4cbf8f
    overview.links.progress.urls: 7b122578676a30cd1f16c537d6060924
    overview.links.progress.queue: 762d4ccec39cab0cdac1e46cd142023f
    overview.links.progress.done: cdb97dcd69ee6e2b7aa5b57b3e239e8c
    overview.links.rescan: 6ff1a8ce611ac06d5faaa4facfad215d
    overview.links.rescan.confirm: b563bf9b4f658d772be65e6c3a9554bf
    overview.links.recheck: 28977724f27e4f2b48ca9f26c5455390
    overview.links.options.open: f616251ae5e6380d046d1b67e1606720
    table.resize: 8b492cd1fde92efc89b7ea886b953ff5
    table.resizeReset: 1ba1dc71b090b2dfa0fecbaa7a9e8d88
    table.selectAll: aa08dc308608eacaa9527cd58b963ade
    table.selectRow: 0c4ba6ea0c4beb248861cc5f4dc45de6
    table.sorted.asc: 576b85d8f7630a1703445006a7289177
    table.sorted.desc: 9b84ce6ee0b2cf159b7bbdb9a624a975
