version: 1
checksums:
  de800d16f427a2681a5bcf46beb42a3d:
    sections.headingStructure.title: d6aa7afb1671347e88f7887808989fbe
    sections.headingStructure.errors.incorrectOrder: 3b247797725b248ffaeed99f20c6c0d1
    sections.headingStructure.errors.missingH1: 2f674f75bc1784c09e829fb7af318e33
    sections.headingStructure.errors.multipleH1: 01dabd0dd03bf94ac1be1645bf1ba9d5
    sections.preview.title: 3173ee1f0f1d4e50665ca4a84c38e15d
    sections.preview.showFor: 24a4a32c49afe851439a6f7806b6b8ac
    sections.preview.openDebugger: 1e3d34baacfd77a5a0113b395067651d
    sections.preview.openSearchConsole: a661fb173f3989d298ae4e19c970329e
    sections.preview.google: 6cc462fb53d90d404f48d5a6695c1de1
    sections.preview.facebook: ac8afe226a7424849c247e6a9d566f64
    sections.preview.slack: 7b7b808a136ce10b6199c504e81fb902
    fields.robots.indicator.index: 4cc8e931131077df371f8000a3f8b814
    fields.robots.indicator.any: c9782869d7f345dfb9388001e2f442e8
    fields.robots.indicator.noindex: e36c1ee9dcc0dc9e7de8e9385aaf696b
    fields.robots.label: 4f03017f694b28acb13b58b25b4a571b
    fields.robots.index.label: 7a5d337c5763e0328ae3b26eab1c9989
    fields.robots.index.help: 359814e19a577d6b465f70fd2a31be72
    fields.robots.follow.label: 8f30909b132a204c9b5494f79f33228b
    fields.robots.follow.help: 842f458d3ffd1d2d2df49d0cc1a185bc
    fields.robots.archive.label: fa813ab3074103e5daad07462af25789
    fields.robots.archive.help: 7e3a50f0f7880364cd06956fb05fd3f3
    fields.robots.imageindex.label: 4d5d66ade9d93283fc4c3765ef2140ef
    fields.robots.imageindex.help: 25e6149a368dfd54bfaa5b6fe5b9a742
    fields.robots.snippet.label: 212557d85735ea42d0a7eebd9fd4b4a8
    fields.robots.snippet.help: d0628db04b212d12b2d448a5dcc08e3c
    tabs.seo: 409943763eadfd4953bdaf3ac25ce5a0
    site.meta.headline: d97df20cd05af70b8652a56e7fe91860
    site.meta.headline.help: 953faf8b7ad67cc6b88fc41f383617e9
    fields.metaTitleTemplate.label: c59eb2caa5e6d129c62d727a9958313f
    fields.metaTitleTemplate.help: efd84a7708779e3576753d898669423e
    fields.metaDescription.label: 9abaef743507f75ef39ca5e4be1ab1f0
    fields.metaDescription.help: 6ecf34ef28f35bbe5c0ce28da9e9c8d4
    site.og.headline: bc673f9769ba900434744f9667cb7c5a
    site.og.headline.help: e8d32acaf064e0e8af8f92045625d6ea
    fields.ogTitleTemplate.label: 19bce984086e2457f13670c717210926
    fields.ogDescription.label: 806bde45416c9342e503572649dacd00
    fields.ogSiteName.label: e92d53af716b4acab8b4da3def160d63
    fields.ogImage.label: 89ce0e1849c4488d7e735032f5a56a1c
    fields.ogImage.help: 60cf1d0a2ec0a92742dba668e31cb652
    fields.ogImage.empty: 77f08af2c150242fa416ec634b924b51
    fields.cropOgImage.label: b771decdeacdb10777d331469ae54c6c
    fields.cropOgImage.help: 9a808c642aeb6ea6f6b52e01ba6f8b6e
    fields.socialMediaAccounts.label: ea0f66cfaecb243744f30608a50b1c5d
    fields.socialMediaAccounts.help: 2f39a2564881d6e046374ba2aed8ad51
    page.meta.headline: 942cbca3a33f4242068a9330b8d299e7
    page.og.headline: 06f86c49a0027e65f69df6ed376e5bc1
    fields.titleOverwrite.label: 2d87f4b1e263236b3708406bcd5753ce
    fields.inheritSettings.label: 26e84de2f62066cfb834d3e77d341bb0
    fields.inheritSettings.help: 71fdeb668f42629128e7723906d03af5
    fields.useTitleTemplate.label: 2aed24e30be31b514541d8e5d8a29a05
    fields.useTitleTemplate.no: a6733bf32d5c367b7cede853646883c4
    fields.useTitleTemplate.yes: 2263621fa2f7dd02db1414eff341e536
    fields.useTitleTemplate.help: 1ef0290ea57fee0d9a9df1882d49360f
    writerNodes.template.title: fb9d47d10d953363f333014b1c54db7e
    writerNodes.template.siteTitle: 967324dd2b3ce4028abd66f95ba0e675
    common.default: 18ccc38b19e6d34c2bf219c4a7d9e33b
    common.yes: ec580fd11a45779b039466f1e35eed2a
    common.no: 8c708225830b06df2d1141c536f2a0d6
    sitemap.title: 2dbd9b1413f7125f4c66108606ef9132
    sitemap.index: e939a5267ece8b405795a79f671883e2
    sitemap.description: edfd0d3a531f1985ffcc6818c068e95d
    sitemap.by: 4bfd9ca52df95a588eb1829ede67aedb
    sitemap.changefreq: 5c351d5efaa8c1e7adb740002b22c1f7
    sitemap.lastUpdated: 956353f0af47fe60f0f45ec25d129a01
    sitemap.priority: 0b062687108df307445af848763e4ce5
    sitemap.url: ca97457614226960d41dd18c3c29c86b
    sitemap.noEntries: 17c4758dd5718f652fe0a2b338098300
    utmShare.button: ab625547ab428626747e57f01d8abb06
    utmShare.parameters: 0c8e406234b2fe24b5f8ce3be8bced96
    utmShare.source.label: 6e87903ef260da661b2bf6d858ba68ca
    utmShare.source.placeholder: 0cfa7930ff13b556709b22841b6da4d2
    utmShare.medium.label: 43983f2178fb28aacaef6c5f41282c4a
    utmShare.medium.placeholder: 0247554f5f5c18b4a6aa49ddb1abfa6f
    utmShare.campaign.label: ea4b22f7e1b1dad1db460e6d49cf5aff
    utmShare.campaign.placeholder: e876b1f50ef554999e3030479067f81b
    utmShare.content.label: 669b337031ef165af577f04f2b7fd54f
    utmShare.content.placeholder: 7f263cfe2976f1190afe8ec860e72e03
    utmShare.term.label: 9355986a8c38dffa741cc79d1093029c
    utmShare.term.placeholder: ad8d0e4d13a84b43f334e1a4563b48ae
    utmShare.ref.label: 50abcc6a28705c8242351511f92ad449
    utmShare.ref.placeholder: 22310337e96043e2df600f7a019cc1a5
    ai.action.generate: 7c830f2f8bad82ca29e88884df7411ca
    ai.action.regenerate: 79bc737effc16d0546c048c6aa2ec415
    ai.action.edit: f0f657e0a3ff56761a5f693e26993db6
    ai.action.customize: b3bee5d6b5868218feb53711d82a0269
    ai.action.stop: 4c4b4d44708ba05fe8726cbc80122228
    ai.error.request: ffe4cd88f70397452dfc990fa23540fd
    ai.error.disabled: 5e23f31e667425da7c1c05fefa0ba424
    ai.error.permission: 0679ad26b892c77801d1d2ca37efc501
    ai.dialog.instructions.label: 047b6298686bcec6b2161f5045893002
    ai.dialog.instructions.placeholder: 8e7eb8079b193c89f8c805509de65fe1
    ai.dialog.edit.submit: ed3da8072dbd27dc0c959777cdcbebf3
    ai.dialog.custom.label: 7220b8fec354382422615c94aae1758b
    ai.dialog.custom.placeholder: 11fe0f4f440c45daab490bdb862bca1b
    ai.dialog.custom.submit: 0345bf322c191e70d01fd6607ec5c2f8
    sections.searchConsole.title: d6b500e7373a6d178259aace89b4c2d9
    sections.searchConsole.noCredentials: 24009cd2ec18dc7ffc462396788c4649
    sections.searchConsole.notConnected: e3b2faf9c3870da0d58093cc47b68d09
    sections.searchConsole.selectProperty: d411f4839e0f7089cc32984de7e7386d
    sections.searchConsole.selectPropertyButton: a9a6cb13bfcbb80c90178e4abe6a7bc6
    sections.searchConsole.selectPropertyLabel: 03474498d4e0a8c71d35aaec87c22836
    sections.searchConsole.scDomain: 9ea7e558d336ebc2ac711f5063117c81
    sections.searchConsole.docs: 55fea190a0c0fb32acd3dc986cd3cc91
    sections.searchConsole.connect: 8778ee245078a8be4a2ce855c8c56edc
    sections.searchConsole.reconnect: 8992a0f250278c116cb26be448b68ba2
    sections.searchConsole.noData: 68f87731a84f1c1c8d9b2b67e1cfc037
    sections.searchConsole.showMore: f3dcf49ee44a8454d820ffef3f2b0e9f
    sections.searchConsole.sortBy: 8adf3dbc5668379558957662f0c43563
    sections.searchConsole.query: 95c46c00abc531875f79b152a0b59284
    sections.searchConsole.clicks: f9e154545f87d8ede27b529e5fdf2015
    sections.searchConsole.impressions: 7fe38d42d68a64d3fd8436a063751584
    sections.searchConsole.ctr: b778c9d0b299b6ac116d0d5c7b70d5f1
    sections.searchConsole.position: 8ba464c700080c55106d9e680b4b37e5
